
Microsoft Visual Studio Solution File, Format Version 12.00
Project("{2150E333-8FDC-42A3-9474-1A3956D46DE8}") = "Ex1-1", "Ex1-1", "{677C5328-26D7-4E3A-BE91-8676E41F59D0}"
EndProject
Project("{FAE04EC0-301F-11D3-BF4B-00C04F79EFBC}") = "SequencialStructure", "SequencialStructure\SequencialStructure.csproj", "{349C7C7E-326A-4268-8670-CB047CC2A6DF}"
EndProject
Project("{2150E333-8FDC-42A3-9474-1A3956D46DE8}") = "Ex1-2", "Ex1-2", "{6AFF6E19-9219-47E2-9A04-A711B04714D7}"
EndProject
Project("{FAE04EC0-301F-11D3-BF4B-00C04F79EFBC}") = "SequencialStructure2", "SequencialStructure2\SequencialStructure2.csproj", "{6C2B48C1-77E6-4EBD-AB80-7DCFB49DA3AB}"
EndProject
Project("{2150E333-8FDC-42A3-9474-1A3956D46DE8}") = "Ex2-1", "Ex2-1", "{54F117C6-EBF3-4997-8EAB-47949A7B6233}"
EndProject
Project("{FAE04EC0-301F-11D3-BF4B-00C04F79EFBC}") = "ConditionalStructure", "ConditionalStructure\ConditionalStructure.csproj", "{F9FEE745-6697-4947-B6FA-0D427442C831}"
EndProject
Project("{2150E333-8FDC-42A3-9474-1A3956D46DE8}") = "Ex2-2", "Ex2-2", "{DCC12CBD-2DB5-4523-9BBC-3CEAEB85C09B}"
EndProject
Project("{FAE04EC0-301F-11D3-BF4B-00C04F79EFBC}") = "ConditionalStructure2", "ConditionalStructure2\ConditionalStructure2.csproj", "{CAC8EEAD-4C29-47B2-9A1D-7FBAE79AA8E5}"
EndProject
Project("{2150E333-8FDC-42A3-9474-1A3956D46DE8}") = "Ex3-1", "Ex3-1", "{E2E02404-BF3C-4BD4-A4D5-6B3C91EE81A4}"
EndProject
Project("{2150E333-8FDC-42A3-9474-1A3956D46DE8}") = "Ex3-2", "Ex3-2", "{A592C2F0-D562-428D-BC55-DABE71E35807}"
EndProject
Project("{FAE04EC0-301F-11D3-BF4B-00C04F79EFBC}") = "LoopStructure", "LoopStructure\LoopStructure.csproj", "{5AF122E6-9143-431C-804D-F7EAA9236F9D}"
EndProject
Project("{FAE04EC0-301F-11D3-BF4B-00C04F79EFBC}") = "LoopStructure2", "LoopStructure2\LoopStructure2.csproj", "{F809DB34-2CD3-4301-B96C-A75FD8D82699}"
EndProject
Global
	GlobalSection(SolutionConfigurationPlatforms) = preSolution
		Debug|Any CPU = Debug|Any CPU
		Release|Any CPU = Release|Any CPU
	EndGlobalSection
	GlobalSection(NestedProjects) = preSolution
		{349C7C7E-326A-4268-8670-CB047CC2A6DF} = {677C5328-26D7-4E3A-BE91-8676E41F59D0}
		{6C2B48C1-77E6-4EBD-AB80-7DCFB49DA3AB} = {6AFF6E19-9219-47E2-9A04-A711B04714D7}
		{F9FEE745-6697-4947-B6FA-0D427442C831} = {54F117C6-EBF3-4997-8EAB-47949A7B6233}
		{CAC8EEAD-4C29-47B2-9A1D-7FBAE79AA8E5} = {DCC12CBD-2DB5-4523-9BBC-3CEAEB85C09B}
		{5AF122E6-9143-431C-804D-F7EAA9236F9D} = {E2E02404-BF3C-4BD4-A4D5-6B3C91EE81A4}
		{F809DB34-2CD3-4301-B96C-A75FD8D82699} = {A592C2F0-D562-428D-BC55-DABE71E35807}
	EndGlobalSection
	GlobalSection(ProjectConfigurationPlatforms) = postSolution
		{349C7C7E-326A-4268-8670-CB047CC2A6DF}.Debug|Any CPU.ActiveCfg = Debug|Any CPU
		{349C7C7E-326A-4268-8670-CB047CC2A6DF}.Debug|Any CPU.Build.0 = Debug|Any CPU
		{349C7C7E-326A-4268-8670-CB047CC2A6DF}.Release|Any CPU.ActiveCfg = Release|Any CPU
		{349C7C7E-326A-4268-8670-CB047CC2A6DF}.Release|Any CPU.Build.0 = Release|Any CPU
		{6C2B48C1-77E6-4EBD-AB80-7DCFB49DA3AB}.Debug|Any CPU.ActiveCfg = Debug|Any CPU
		{6C2B48C1-77E6-4EBD-AB80-7DCFB49DA3AB}.Debug|Any CPU.Build.0 = Debug|Any CPU
		{6C2B48C1-77E6-4EBD-AB80-7DCFB49DA3AB}.Release|Any CPU.ActiveCfg = Release|Any CPU
		{6C2B48C1-77E6-4EBD-AB80-7DCFB49DA3AB}.Release|Any CPU.Build.0 = Release|Any CPU
		{F9FEE745-6697-4947-B6FA-0D427442C831}.Debug|Any CPU.ActiveCfg = Debug|Any CPU
		{F9FEE745-6697-4947-B6FA-0D427442C831}.Debug|Any CPU.Build.0 = Debug|Any CPU
		{F9FEE745-6697-4947-B6FA-0D427442C831}.Release|Any CPU.ActiveCfg = Release|Any CPU
		{F9FEE745-6697-4947-B6FA-0D427442C831}.Release|Any CPU.Build.0 = Release|Any CPU
		{CAC8EEAD-4C29-47B2-9A1D-7FBAE79AA8E5}.Debug|Any CPU.ActiveCfg = Debug|Any CPU
		{CAC8EEAD-4C29-47B2-9A1D-7FBAE79AA8E5}.Debug|Any CPU.Build.0 = Debug|Any CPU
		{CAC8EEAD-4C29-47B2-9A1D-7FBAE79AA8E5}.Release|Any CPU.ActiveCfg = Release|Any CPU
		{CAC8EEAD-4C29-47B2-9A1D-7FBAE79AA8E5}.Release|Any CPU.Build.0 = Release|Any CPU
		{5AF122E6-9143-431C-804D-F7EAA9236F9D}.Debug|Any CPU.ActiveCfg = Debug|Any CPU
		{5AF122E6-9143-431C-804D-F7EAA9236F9D}.Debug|Any CPU.Build.0 = Debug|Any CPU
		{5AF122E6-9143-431C-804D-F7EAA9236F9D}.Release|Any CPU.ActiveCfg = Release|Any CPU
		{5AF122E6-9143-431C-804D-F7EAA9236F9D}.Release|Any CPU.Build.0 = Release|Any CPU
		{F809DB34-2CD3-4301-B96C-A75FD8D82699}.Debug|Any CPU.ActiveCfg = Debug|Any CPU
		{F809DB34-2CD3-4301-B96C-A75FD8D82699}.Debug|Any CPU.Build.0 = Debug|Any CPU
		{F809DB34-2CD3-4301-B96C-A75FD8D82699}.Release|Any CPU.ActiveCfg = Release|Any CPU
		{F809DB34-2CD3-4301-B96C-A75FD8D82699}.Release|Any CPU.Build.0 = Release|Any CPU
	EndGlobalSection
EndGlobal
